{
  "name": "021 - Class Transform",
  "lockfileVersion": 2,
  "requires": true,
  "packages": {
    "": {
      "dependencies": {
        "class-transformer": "^0.3.2",
        "es6-shim": "^0.35.6"
      }
    },
    "node_modules/class-transformer": {
      "version": "0.3.2",
      "resolved": "https://registry.npmjs.org/class-transformer/-/class-transformer-0.3.2.tgz",
      "integrity": "sha512-9QY6QXBH/+Gt1C3HBmJCrgY6+EFpIa6aLjfDnlXFx0zQl/HjrCE7qoaI0srNrxpMIfsobCpgUdDG5JYtJOpVsw=="
    },
    "node_modules/es6-shim": {
      "version": "0.35.6",
      "resolved": "https://registry.npmjs.org/es6-shim/-/es6-shim-0.35.6.tgz",
      "integrity": "sha512-EmTr31wppcaIAgblChZiuN/l9Y7DPyw8Xtbg7fIVngn6zMW+IEBJDJngeKC3x6wr0V/vcA2wqeFnaw1bFJbDdA=="
    }
  },
  "dependencies": {
    "class-transformer": {
      "version": "0.3.2",
      "resolved": "https://registry.npmjs.org/class-transformer/-/class-transformer-0.3.2.tgz",
      "integrity": "sha512-9QY6QXBH/+Gt1C3HBmJCrgY6+EFpIa6aLjfDnlXFx0zQl/HjrCE7qoaI0srNrxpMIfsobCpgUdDG5JYtJOpVsw=="
    },
    "es6-shim": {
      "version": "0.35.6",
      "resolved": "https://registry.npmjs.org/es6-shim/-/es6-shim-0.35.6.tgz",
      "integrity": "sha512-EmTr31wppcaIAgblChZiuN/l9Y7DPyw8Xtbg7fIVngn6zMW+IEBJDJngeKC3x6wr0V/vcA2wqeFnaw1bFJbDdA=="
    }
  }
}
